
Microsoft Visual Studio Solution File, Format Version 12.00
# Visual Studio Version 16
VisualStudioVersion = 16.0.31112.23
MinimumVisualStudioVersion = 10.0.40219.1
Project("{9A19103F-16F7-4668-BE54-9A1E7A4F7556}") = "OOP", "OOP\OOP.csproj", "{B14C98F2-305A-4B76-9F6B-6EFC859FE0A6}"
EndProject
Project("{9A19103F-16F7-4668-BE54-9A1E7A4F7556}") = "POO.Secao2", "POO.Secao2\POO.Secao2.csproj", "{6728B678-A7D9-4E5A-A46F-2C8DC9A634B3}"
EndProject
Project("{9A19103F-16F7-4668-BE54-9A1E7A4F7556}") = "SOLID_SRP", "SOLID_SRP\SOLID_SRP.csproj", "{B15758F3-6F59-4E56-A801-E5C4A5675690}"
EndProject
Project("{9A19103F-16F7-4668-BE54-9A1E7A4F7556}") = "SOLID_OCP", "SOLID_OCP\SOLID_OCP.csproj", "{DC85C044-D362-405F-ABB4-116D375C69D7}"
EndProject
Project("{9A19103F-16F7-4668-BE54-9A1E7A4F7556}") = "SOLID_OCP_Violacao", "SOLID_OCP_Violacao\SOLID_OCP_Violacao.csproj", "{FC4F5ED3-4182-498F-84D0-3AC82F70BAAD}"
EndProject
Project("{9A19103F-16F7-4668-BE54-9A1E7A4F7556}") = "SOLID_LSP_Violacao", "SOLID_LSP_Violacao\SOLID_LSP_Violacao.csproj", "{13D2B7A3-36B0-4B8C-83D8-746C069DF863}"
EndProject
Project("{9A19103F-16F7-4668-BE54-9A1E7A4F7556}") = "SOLID_ISP", "SOLID_ISP\SOLID_ISP.csproj", "{068BCF07-1C6A-4913-9CFA-F6902AC64C55}"
EndProject
Project("{9A19103F-16F7-4668-BE54-9A1E7A4F7556}") = "SOLID_DIP", "SOLID_DIP\SOLID_DIP.csproj", "{EEF6A679-7245-43F7-9D0B-4D16C76D21A3}"
EndProject
Project("{9A19103F-16F7-4668-BE54-9A1E7A4F7556}") = "SOLID_Exercicio_1", "SOLID_Exercicio_1\SOLID_Exercicio_1.csproj", "{94F4827C-0670-4DAD-A952-1FBF2A673E44}"
EndProject
Project("{FAE04EC0-301F-11D3-BF4B-00C04F79EFBC}") = "SOLID_Exercicio_2", "SOLID_Exercicio_2\SOLID_Exercicio_2.csproj", "{E80D4E3A-983C-47BD-A057-D0C7DABB7BA1}"
EndProject
Project("{FAE04EC0-301F-11D3-BF4B-00C04F79EFBC}") = "SOLID_Exercicio_3", "SOLID_Exercicio_3\SOLID_Exercicio_3.csproj", "{C4F16CBD-C280-42A3-89C6-CF2BF551C79D}"
EndProject
Global
	GlobalSection(SolutionConfigurationPlatforms) = preSolution
		Debug|Any CPU = Debug|Any CPU
		Release|Any CPU = Release|Any CPU
	EndGlobalSection
	GlobalSection(ProjectConfigurationPlatforms) = postSolution
		{B14C98F2-305A-4B76-9F6B-6EFC859FE0A6}.Debug|Any CPU.ActiveCfg = Debug|Any CPU
		{B14C98F2-305A-4B76-9F6B-6EFC859FE0A6}.Debug|Any CPU.Build.0 = Debug|Any CPU
		{B14C98F2-305A-4B76-9F6B-6EFC859FE0A6}.Release|Any CPU.ActiveCfg = Release|Any CPU
		{B14C98F2-305A-4B76-9F6B-6EFC859FE0A6}.Release|Any CPU.Build.0 = Release|Any CPU
		{6728B678-A7D9-4E5A-A46F-2C8DC9A634B3}.Debug|Any CPU.ActiveCfg = Debug|Any CPU
		{6728B678-A7D9-4E5A-A46F-2C8DC9A634B3}.Debug|Any CPU.Build.0 = Debug|Any CPU
		{6728B678-A7D9-4E5A-A46F-2C8DC9A634B3}.Release|Any CPU.ActiveCfg = Release|Any CPU
		{6728B678-A7D9-4E5A-A46F-2C8DC9A634B3}.Release|Any CPU.Build.0 = Release|Any CPU
		{B15758F3-6F59-4E56-A801-E5C4A5675690}.Debug|Any CPU.ActiveCfg = Debug|Any CPU
		{B15758F3-6F59-4E56-A801-E5C4A5675690}.Debug|Any CPU.Build.0 = Debug|Any CPU
		{B15758F3-6F59-4E56-A801-E5C4A5675690}.Release|Any CPU.ActiveCfg = Release|Any CPU
		{B15758F3-6F59-4E56-A801-E5C4A5675690}.Release|Any CPU.Build.0 = Release|Any CPU
		{DC85C044-D362-405F-ABB4-116D375C69D7}.Debug|Any CPU.ActiveCfg = Debug|Any CPU
		{DC85C044-D362-405F-ABB4-116D375C69D7}.Debug|Any CPU.Build.0 = Debug|Any CPU
		{DC85C044-D362-405F-ABB4-116D375C69D7}.Release|Any CPU.ActiveCfg = Release|Any CPU
		{DC85C044-D362-405F-ABB4-116D375C69D7}.Release|Any CPU.Build.0 = Release|Any CPU
		{FC4F5ED3-4182-498F-84D0-3AC82F70BAAD}.Debug|Any CPU.ActiveCfg = Debug|Any CPU
		{FC4F5ED3-4182-498F-84D0-3AC82F70BAAD}.Debug|Any CPU.Build.0 = Debug|Any CPU
		{FC4F5ED3-4182-498F-84D0-3AC82F70BAAD}.Release|Any CPU.ActiveCfg = Release|Any CPU
		{FC4F5ED3-4182-498F-84D0-3AC82F70BAAD}.Release|Any CPU.Build.0 = Release|Any CPU
		{13D2B7A3-36B0-4B8C-83D8-746C069DF863}.Debug|Any CPU.ActiveCfg = Debug|Any CPU
		{13D2B7A3-36B0-4B8C-83D8-746C069DF863}.Debug|Any CPU.Build.0 = Debug|Any CPU
		{13D2B7A3-36B0-4B8C-83D8-746C069DF863}.Release|Any CPU.ActiveCfg = Release|Any CPU
		{13D2B7A3-36B0-4B8C-83D8-746C069DF863}.Release|Any CPU.Build.0 = Release|Any CPU
		{068BCF07-1C6A-4913-9CFA-F6902AC64C55}.Debug|Any CPU.ActiveCfg = Debug|Any CPU
		{068BCF07-1C6A-4913-9CFA-F6902AC64C55}.Debug|Any CPU.Build.0 = Debug|Any CPU
		{068BCF07-1C6A-4913-9CFA-F6902AC64C55}.Release|Any CPU.ActiveCfg = Release|Any CPU
		{068BCF07-1C6A-4913-9CFA-F6902AC64C55}.Release|Any CPU.Build.0 = Release|Any CPU
		{EEF6A679-7245-43F7-9D0B-4D16C76D21A3}.Debug|Any CPU.ActiveCfg = Debug|Any CPU
		{EEF6A679-7245-43F7-9D0B-4D16C76D21A3}.Debug|Any CPU.Build.0 = Debug|Any CPU
		{EEF6A679-7245-43F7-9D0B-4D16C76D21A3}.Release|Any CPU.ActiveCfg = Release|Any CPU
		{EEF6A679-7245-43F7-9D0B-4D16C76D21A3}.Release|Any CPU.Build.0 = Release|Any CPU
		{94F4827C-0670-4DAD-A952-1FBF2A673E44}.Debug|Any CPU.ActiveCfg = Debug|Any CPU
		{94F4827C-0670-4DAD-A952-1FBF2A673E44}.Debug|Any CPU.Build.0 = Debug|Any CPU
		{94F4827C-0670-4DAD-A952-1FBF2A673E44}.Release|Any CPU.ActiveCfg = Release|Any CPU
		{94F4827C-0670-4DAD-A952-1FBF2A673E44}.Release|Any CPU.Build.0 = Release|Any CPU
		{E80D4E3A-983C-47BD-A057-D0C7DABB7BA1}.Debug|Any CPU.ActiveCfg = Debug|Any CPU
		{E80D4E3A-983C-47BD-A057-D0C7DABB7BA1}.Debug|Any CPU.Build.0 = Debug|Any CPU
		{E80D4E3A-983C-47BD-A057-D0C7DABB7BA1}.Release|Any CPU.ActiveCfg = Release|Any CPU
		{E80D4E3A-983C-47BD-A057-D0C7DABB7BA1}.Release|Any CPU.Build.0 = Release|Any CPU
		{C4F16CBD-C280-42A3-89C6-CF2BF551C79D}.Debug|Any CPU.ActiveCfg = Debug|Any CPU
		{C4F16CBD-C280-42A3-89C6-CF2BF551C79D}.Debug|Any CPU.Build.0 = Debug|Any CPU
		{C4F16CBD-C280-42A3-89C6-CF2BF551C79D}.Release|Any CPU.ActiveCfg = Release|Any CPU
		{C4F16CBD-C280-42A3-89C6-CF2BF551C79D}.Release|Any CPU.Build.0 = Release|Any CPU
	EndGlobalSection
	GlobalSection(SolutionProperties) = preSolution
		HideSolutionNode = FALSE
	EndGlobalSection
	GlobalSection(ExtensibilityGlobals) = postSolution
		SolutionGuid = {5CE74104-DC5F-4CE5-907E-11F0F4F3A6F6}
	EndGlobalSection
EndGlobal
